// !$*UTF8*$!
{
	archiveVersion = 1;
	classes = {
	};
	objectVersion = 50;
	objects = {

/* Begin PBXBuildFile section */
		84AD5422251AC6DC00A3CC75 /* AppDelegate.swift in Sources */ = {isa = PBXBuildFile; fileRef = 84AD5421251AC6DC00A3CC75 /* AppDelegate.swift */; };
		84AD5424251AC6DD00A3CC75 /* SceneDelegate.swift in Sources */ = {isa = PBXBuildFile; fileRef = 84AD5423251AC6DD00A3CC75 /* SceneDelegate.swift */; };
		84AD5426251AC6DD00A3CC75 /* ViewController.swift in Sources */ = {isa = PBXBuildFile; fileRef = 84AD5425251AC6DD00A3CC75 /* ViewController.swift */; };
		84AD5429251AC6DD00A3CC75 /* Main.storyboard in Resources */ = {isa = PBXBuildFile; fileRef = 84AD5427251AC6DD00A3CC75 /* Main.storyboard */; };
		84AD542B251AC6E200A3CC75 /* Assets.xcassets in Resources */ = {isa = PBXBuildFile; fileRef = 84AD542A251AC6E200A3CC75 /* Assets.xcassets */; };
		84AD542E251AC6E200A3CC75 /* LaunchScreen.storyboard in Resources */ = {isa = PBXBuildFile; fileRef = 84AD542C251AC6E200A3CC75 /* LaunchScreen.storyboard */; };
		84AD5439251AC6E200A3CC75 /* APPiinessTaskTests.swift in Sources */ = {isa = PBXBuildFile; fileRef = 84AD5438251AC6E200A3CC75 /* APPiinessTaskTests.swift */; };
		84AD5446251AC9D400A3CC75 /* ViewModel.swift in Sources */ = {isa = PBXBuildFile; fileRef = 84AD5445251AC9D400A3CC75 /* ViewModel.swift */; };
		84AD5449251ACA3B00A3CC75 /* StudentModel.swift in Sources */ = {isa = PBXBuildFile; fileRef = 84AD5448251ACA3B00A3CC75 /* StudentModel.swift */; };
		84AD544F251ACF2B00A3CC75 /* StudentCell.swift in Sources */ = {isa = PBXBuildFile; fileRef = 84AD544D251ACF2B00A3CC75 /* StudentCell.swift */; };
		84AD5450251ACF2B00A3CC75 /* StudentCell.xib in Resources */ = {isa = PBXBuildFile; fileRef = 84AD544E251ACF2B00A3CC75 /* StudentCell.xib */; };
/* End PBXBuildFile section */

/* Begin PBXContainerItemProxy section */
		84AD5435251AC6E200A3CC75 /* PBXContainerItemProxy */ = {
			isa = PBXContainerItemProxy;
			containerPortal = 84AD5416251AC6DC00A3CC75 /* Project object */;
			proxyType = 1;
			remoteGlobalIDString = 84AD541D251AC6DC00A3CC75;
			remoteInfo = APPiinessTask;
		};
/* End PBXContainerItemProxy section */

/* Begin PBXFileReference section */
		84AD541E251AC6DC00A3CC75 /* APPiinessTask.app */ = {isa = PBXFileReference; explicitFileType = wrapper.application; includeInIndex = 0; path = APPiinessTask.app; sourceTree = BUILT_PRODUCTS_DIR; };
		84AD5421251AC6DC00A3CC75 /* AppDelegate.swift */ = {isa = PBXFileReference; lastKnownFileType = sourcecode.swift; path = AppDelegate.swift; sourceTree = "<group>"; };
		84AD5423251AC6DD00A3CC75 /* SceneDelegate.swift */ = {isa = PBXFileReference; lastKnownFileType = sourcecode.swift; path = SceneDelegate.swift; sourceTree = "<group>"; };
		84AD5425251AC6DD00A3CC75 /* ViewController.swift */ = {isa = PBXFileReference; lastKnownFileType = sourcecode.swift; path = ViewController.swift; sourceTree = "<group>"; };
		84AD5428251AC6DD00A3CC75 /* Base */ = {isa = PBXFileReference; lastKnownFileType = file.storyboard; name = Base; path = Base.lproj/Main.storyboard; sourceTree = "<group>"; };
		84AD542A251AC6E200A3CC75 /* Assets.xcassets */ = {isa = PBXFileReference; lastKnownFileType = folder.assetcatalog; path = Assets.xcassets; sourceTree = "<group>"; };
		84AD542D251AC6E200A3CC75 /* Base */ = {isa = PBXFileReference; lastKnownFileType = file.storyboard; name = Base; path = Base.lproj/LaunchScreen.storyboard; sourceTree = "<group>"; };
		84AD542F251AC6E200A3CC75 /* Info.plist */ = {isa = PBXFileReference; lastKnownFileType = text.plist.xml; path = Info.plist; sourceTree = "<group>"; };
		84AD5434251AC6E200A3CC75 /* APPiinessTaskTests.xctest */ = {isa = PBXFileReference; explicitFileType = wrapper.cfbundle; includeInIndex = 0; path = APPiinessTaskTests.xctest; sourceTree = BUILT_PRODUCTS_DIR; };
		84AD5438251AC6E200A3CC75 /* APPiinessTaskTests.swift */ = {isa = PBXFileReference; lastKnownFileType = sourcecode.swift; path = APPiinessTaskTests.swift; sourceTree = "<group>"; };
		84AD543A251AC6E200A3CC75 /* Info.plist */ = {isa = PBXFileReference; lastKnownFileType = text.plist.xml; path = Info.plist; sourceTree = "<group>"; };
		84AD5445251AC9D400A3CC75 /* ViewModel.swift */ = {isa = PBXFileReference; lastKnownFileType = sourcecode.swift; path = ViewModel.swift; sourceTree = "<group>"; };
		84AD5448251ACA3B00A3CC75 /* StudentModel.swift */ = {isa = PBXFileReference; lastKnownFileType = sourcecode.swift; path = StudentModel.swift; sourceTree = "<group>"; };
		84AD544D251ACF2B00A3CC75 /* StudentCell.swift */ = {isa = PBXFileReference; lastKnownFileType = sourcecode.swift; path = StudentCell.swift; sourceTree = "<group>"; };
		84AD544E251ACF2B00A3CC75 /* StudentCell.xib */ = {isa = PBXFileReference; lastKnownFileType = file.xib; path = StudentCell.xib; sourceTree = "<group>"; };
/* End PBXFileReference section */

/* Begin PBXFrameworksBuildPhase section */
		84AD541B251AC6DC00A3CC75 /* Frameworks */ = {
			isa = PBXFrameworksBuildPhase;
			buildActionMask = 2147483647;
			files = (
			);
			runOnlyForDeploymentPostprocessing = 0;
		};
		84AD5431251AC6E200A3CC75 /* Frameworks */ = {
			isa = PBXFrameworksBuildPhase;
			buildActionMask = 2147483647;
			files = (
			);
			runOnlyForDeploymentPostprocessing = 0;
		};
/* End PBXFrameworksBuildPhase section */

/* Begin PBXGroup section */
		84AD5415251AC6DC00A3CC75 = {
			isa = PBXGroup;
			children = (
				84AD5420251AC6DC00A3CC75 /* APPiinessTask */,
				84AD5437251AC6E200A3CC75 /* APPiinessTaskTests */,
				84AD541F251AC6DC00A3CC75 /* Products */,
			);
			sourceTree = "<group>";
		};
		84AD541F251AC6DC00A3CC75 /* Products */ = {
			isa = PBXGroup;
			children = (
				84AD541E251AC6DC00A3CC75 /* APPiinessTask.app */,
				84AD5434251AC6E200A3CC75 /* APPiinessTaskTests.xctest */,
			);
			name = Products;
			sourceTree = "<group>";
		};
		84AD5420251AC6DC00A3CC75 /* APPiinessTask */ = {
			isa = PBXGroup;
			children = (
				84AD5447251ACA1800A3CC75 /* model */,
				84AD5444251AC9AD00A3CC75 /* ViewModel */,
				84AD5421251AC6DC00A3CC75 /* AppDelegate.swift */,
				84AD5423251AC6DD00A3CC75 /* SceneDelegate.swift */,
				84AD5425251AC6DD00A3CC75 /* ViewController.swift */,
				84AD5427251AC6DD00A3CC75 /* Main.storyboard */,
				84AD542A251AC6E200A3CC75 /* Assets.xcassets */,
				84AD542C251AC6E200A3CC75 /* LaunchScreen.storyboard */,
				84AD542F251AC6E200A3CC75 /* Info.plist */,
			);
			path = APPiinessTask;
			sourceTree = "<group>";
		};
		84AD5437251AC6E200A3CC75 /* APPiinessTaskTests */ = {
			isa = PBXGroup;
			children = (
				84AD5438251AC6E200A3CC75 /* APPiinessTaskTests.swift */,
				84AD543A251AC6E200A3CC75 /* Info.plist */,
			);
			path = APPiinessTaskTests;
			sourceTree = "<group>";
		};
		84AD5444251AC9AD00A3CC75 /* ViewModel */ = {
			isa = PBXGroup;
			children = (
				84AD544A251ACE1400A3CC75 /* TableCell */,
				84AD5445251AC9D400A3CC75 /* ViewModel.swift */,
			);
			path = ViewModel;
			sourceTree = "<group>";
		};
		84AD5447251ACA1800A3CC75 /* model */ = {
			isa = PBXGroup;
			children = (
				84AD5448251ACA3B00A3CC75 /* StudentModel.swift */,
			);
			path = model;
			sourceTree = "<group>";
		};
		84AD544A251ACE1400A3CC75 /* TableCell */ = {
			isa = PBXGroup;
			children = (
				84AD544D251ACF2B00A3CC75 /* StudentCell.swift */,
				84AD544E251ACF2B00A3CC75 /* StudentCell.xib */,
			);
			path = TableCell;
			sourceTree = "<group>";
		};
/* End PBXGroup section */

/* Begin PBXNativeTarget section */
		84AD541D251AC6DC00A3CC75 /* APPiinessTask */ = {
			isa = PBXNativeTarget;
			buildConfigurationList = 84AD543D251AC6E200A3CC75 /* Build configuration list for PBXNativeTarget "APPiinessTask" */;
			buildPhases = (
				84AD541A251AC6DC00A3CC75 /* Sources */,
				84AD541B251AC6DC00A3CC75 /* Frameworks */,
				84AD541C251AC6DC00A3CC75 /* Resources */,
			);
			buildRules = (
			);
			dependencies = (
			);
			name = APPiinessTask;
			productName = APPiinessTask;
			productReference = 84AD541E251AC6DC00A3CC75 /* APPiinessTask.app */;
			productType = "com.apple.product-type.application";
		};
		84AD5433251AC6E200A3CC75 /* APPiinessTaskTests */ = {
			isa = PBXNativeTarget;
			buildConfigurationList = 84AD5440251AC6E200A3CC75 /* Build configuration list for PBXNativeTarget "APPiinessTaskTests" */;
			buildPhases = (
				84AD5430251AC6E200A3CC75 /* Sources */,
				84AD5431251AC6E200A3CC75 /* Frameworks */,
				84AD5432251AC6E200A3CC75 /* Resources */,
			);
			buildRules = (
			);
			dependencies = (
				84AD5436251AC6E200A3CC75 /* PBXTargetDependency */,
			);
			name = APPiinessTaskTests;
			productName = APPiinessTaskTests;
			productReference = 84AD5434251AC6E200A3CC75 /* APPiinessTaskTests.xctest */;
			productType = "com.apple.product-type.bundle.unit-test";
		};
/* End PBXNativeTarget section */

/* Begin PBXProject section */
		84AD5416251AC6DC00A3CC75 /* Project object */ = {
			isa = PBXProject;
			attributes = {
				LastSwiftUpdateCheck = 1140;
				LastUpgradeCheck = 1140;
				ORGANIZATIONNAME = admin;
				TargetAttributes = {
					84AD541D251AC6DC00A3CC75 = {
						CreatedOnToolsVersion = 11.4.1;
					};
					84AD5433251AC6E200A3CC75 = {
						CreatedOnToolsVersion = 11.4.1;
						TestTargetID = 84AD541D251AC6DC00A3CC75;
					};
				};
			};
			buildConfigurationList = 84AD5419251AC6DC00A3CC75 /* Build configuration list for PBXProject "APPiinessTask" */;
			compatibilityVersion = "Xcode 9.3";
			developmentRegion = en;
			hasScannedForEncodings = 0;
			knownRegions = (
				en,
				Base,
			);
			mainGroup = 84AD5415251AC6DC00A3CC75;
			productRefGroup = 84AD541F251AC6DC00A3CC75 /* Products */;
			projectDirPath = "";
			projectRoot = "";
			targets = (
				84AD541D251AC6DC00A3CC75 /* APPiinessTask */,
				84AD5433251AC6E200A3CC75 /* APPiinessTaskTests */,
			);
		};
/* End PBXProject section */

/* Begin PBXResourcesBuildPhase section */
		84AD541C251AC6DC00A3CC75 /* Resources */ = {
			isa = PBXResourcesBuildPhase;
			buildActionMask = 2147483647;
			files = (
				84AD542E251AC6E200A3CC75 /* LaunchScreen.storyboard in Resources */,
				84AD542B251AC6E200A3CC75 /* Assets.xcassets in Resources */,
				84AD5429251AC6DD00A3CC75 /* Main.storyboard in Resources */,
				84AD5450251ACF2B00A3CC75 /* StudentCell.xib in Resources */,
			);
			runOnlyForDeploymentPostprocessing = 0;
		};
		84AD5432251AC6E200A3CC75 /* Resources */ = {
			isa = PBXResourcesBuildPhase;
			buildActionMask = 2147483647;
			files = (
			);
			runOnlyForDeploymentPostprocessing = 0;
		};
/* End PBXResourcesBuildPhase section */

/* Begin PBXSourcesBuildPhase section */
		84AD541A251AC6DC00A3CC75 /* Sources */ = {
			isa = PBXSourcesBuildPhase;
			buildActionMask = 2147483647;
			files = (
				84AD5426251AC6DD00A3CC75 /* ViewController.swift in Sources */,
				84AD5422251AC6DC00A3CC75 /* AppDelegate.swift in Sources */,
				84AD5446251AC9D400A3CC75 /* ViewModel.swift in Sources */,
				84AD544F251ACF2B00A3CC75 /* StudentCell.swift in Sources */,
				84AD5449251ACA3B00A3CC75 /* StudentModel.swift in Sources */,
				84AD5424251AC6DD00A3CC75 /* SceneDelegate.swift in Sources */,
			);
			runOnlyForDeploymentPostprocessing = 0;
		};
		84AD5430251AC6E200A3CC75 /* Sources */ = {
			isa = PBXSourcesBuildPhase;
			buildActionMask = 2147483647;
			files = (
				84AD5439251AC6E200A3CC75 /* APPiinessTaskTests.swift in Sources */,
			);
			runOnlyForDeploymentPostprocessing = 0;
		};
/* End PBXSourcesBuildPhase section */

/* Begin PBXTargetDependency section */
		84AD5436251AC6E200A3CC75 /* PBXTargetDependency */ = {
			isa = PBXTargetDependency;
			target = 84AD541D251AC6DC00A3CC75 /* APPiinessTask */;
			targetProxy = 84AD5435251AC6E200A3CC75 /* PBXContainerItemProxy */;
		};
/* End PBXTargetDependency section */

/* Begin PBXVariantGroup section */
		84AD5427251AC6DD00A3CC75 /* Main.storyboard */ = {
			isa = PBXVariantGroup;
			children = (
				84AD5428251AC6DD00A3CC75 /* Base */,
			);
			name = Main.storyboard;
			sourceTree = "<group>";
		};
		84AD542C251AC6E200A3CC75 /* LaunchScreen.storyboard */ = {
			isa = PBXVariantGroup;
			children = (
				84AD542D251AC6E200A3CC75 /* Base */,
			);
			name = LaunchScreen.storyboard;
			sourceTree = "<group>";
		};
/* End PBXVariantGroup section */

/* Begin XCBuildConfiguration section */
		84AD543B251AC6E200A3CC75 /* Debug */ = {
			isa = XCBuildConfiguration;
			buildSettings = {
				ALWAYS_SEARCH_USER_PATHS = NO;
				CLANG_ANALYZER_NONNULL = YES;
				CLANG_ANALYZER_NUMBER_OBJECT_CONVERSION = YES_AGGRESSIVE;
				CLANG_CXX_LANGUAGE_STANDARD = "gnu++14";
				CLANG_CXX_LIBRARY = "libc++";
				CLANG_ENABLE_MODULES = YES;
				CLANG_ENABLE_OBJC_ARC = YES;
				CLANG_ENABLE_OBJC_WEAK = YES;
				CLANG_WARN_BLOCK_CAPTURE_AUTORELEASING = YES;
				CLANG_WARN_BOOL_CONVERSION = YES;
				CLANG_WARN_COMMA = YES;
				CLANG_WARN_CONSTANT_CONVERSION = YES;
				CLANG_WARN_DEPRECATED_OBJC_IMPLEMENTATIONS = YES;
				CLANG_WARN_DIRECT_OBJC_ISA_USAGE = YES_ERROR;
				CLANG_WARN_DOCUMENTATION_COMMENTS = YES;
				CLANG_WARN_EMPTY_BODY = YES;
				CLANG_WARN_ENUM_CONVERSION = YES;
				CLANG_WARN_INFINITE_RECURSION = YES;
				CLANG_WARN_INT_CONVERSION = YES;
				CLANG_WARN_NON_LITERAL_NULL_CONVERSION = YES;
				CLANG_WARN_OBJC_IMPLICIT_RETAIN_SELF = YES;
				CLANG_WARN_OBJC_LITERAL_CONVERSION = YES;
				CLANG_WARN_OBJC_ROOT_CLASS = YES_ERROR;
				CLANG_WARN_RANGE_LOOP_ANALYSIS = YES;
				CLANG_WARN_STRICT_PROTOTYPES = YES;
				CLANG_WARN_SUSPICIOUS_MOVE = YES;
				CLANG_WARN_UNGUARDED_AVAILABILITY = YES_AGGRESSIVE;
				CLANG_WARN_UNREACHABLE_CODE = YES;
				CLANG_WARN__DUPLICATE_METHOD_MATCH = YES;
				COPY_PHASE_STRIP = NO;
				DEBUG_INFORMATION_FORMAT = dwarf;
				ENABLE_STRICT_OBJC_MSGSEND = YES;
				ENABLE_TESTABILITY = YES;
				GCC_C_LANGUAGE_STANDARD = gnu11;
				GCC_DYNAMIC_NO_PIC = NO;
				GCC_NO_COMMON_BLOCKS = YES;
				GCC_OPTIMIZATION_LEVEL = 0;
				GCC_PREPROCESSOR_DEFINITIONS = (
					"DEBUG=1",
					"$(inherited)",
				);
				GCC_WARN_64_TO_32_BIT_CONVERSION = YES;
				GCC_WARN_ABOUT_RETURN_TYPE = YES_ERROR;
				GCC_WARN_UNDECLARED_SELECTOR = YES;
				GCC_WARN_UNINITIALIZED_AUTOS = YES_AGGRESSIVE;
				GCC_WARN_UNUSED_FUNCTION = YES;
				GCC_WARN_UNUSED_VARIABLE = YES;
				IPHONEOS_DEPLOYMENT_TARGET = 13.4;
				MTL_ENABLE_DEBUG_INFO = INCLUDE_SOURCE;
				MTL_FAST_MATH = YES;
				ONLY_ACTIVE_ARCH = YES;
				SDKROOT = iphoneos;
				SWIFT_ACTIVE_COMPILATION_CONDITIONS = DEBUG;
				SWIFT_OPTIMIZATION_LEVEL = "-Onone";
			};
			name = Debug;
		};
		84AD543C251AC6E200A3CC75 /* Release */ = {
			isa = XCBuildConfiguration;
			buildSettings = {
				ALWAYS_SEARCH_USER_PATHS = NO;
				CLANG_ANALYZER_NONNULL = YES;
				CLANG_ANALYZER_NUMBER_OBJECT_CONVERSION = YES_AGGRESSIVE;
				CLANG_CXX_LANGUAGE_STANDARD = "gnu++14";
				CLANG_CXX_LIBRARY = "libc++";
				CLANG_ENABLE_MODULES = YES;
				CLANG_ENABLE_OBJC_ARC = YES;
				CLANG_ENABLE_OBJC_WEAK = YES;
				CLANG_WARN_BLOCK_CAPTURE_AUTORELEASING = YES;
				CLANG_WARN_BOOL_CONVERSION = YES;
				CLANG_WARN_COMMA = YES;
				CLANG_WARN_CONSTANT_CONVERSION = YES;
				CLANG_WARN_DEPRECATED_OBJC_IMPLEMENTATIONS = YES;
				CLANG_WARN_DIRECT_OBJC_ISA_USAGE = YES_ERROR;
				CLANG_WARN_DOCUMENTATION_COMMENTS = YES;
				CLANG_WARN_EMPTY_BODY = YES;
				CLANG_WARN_ENUM_CONVERSION = YES;
				CLANG_WARN_INFINITE_RECURSION = YES;
				CLANG_WARN_INT_CONVERSION = YES;
				CLANG_WARN_NON_LITERAL_NULL_CONVERSION = YES;
				CLANG_WARN_OBJC_IMPLICIT_RETAIN_SELF = YES;
				CLANG_WARN_OBJC_LITERAL_CONVERSION = YES;
				CLANG_WARN_OBJC_ROOT_CLASS = YES_ERROR;
				CLANG_WARN_RANGE_LOOP_ANALYSIS = YES;
				CLANG_WARN_STRICT_PROTOTYPES = YES;
				CLANG_WARN_SUSPICIOUS_MOVE = YES;
				CLANG_WARN_UNGUARDED_AVAILABILITY = YES_AGGRESSIVE;
				CLANG_WARN_UNREACHABLE_CODE = YES;
				CLANG_WARN__DUPLICATE_METHOD_MATCH = YES;
				COPY_PHASE_STRIP = NO;
				DEBUG_INFORMATION_FORMAT = "dwarf-with-dsym";
				ENABLE_NS_ASSERTIONS = NO;
				ENABLE_STRICT_OBJC_MSGSEND = YES;
				GCC_C_LANGUAGE_STANDARD = gnu11;
				GCC_NO_COMMON_BLOCKS = YES;
				GCC_WARN_64_TO_32_BIT_CONVERSION = YES;
				GCC_WARN_ABOUT_RETURN_TYPE = YES_ERROR;
				GCC_WARN_UNDECLARED_SELECTOR = YES;
				GCC_WARN_UNINITIALIZED_AUTOS = YES_AGGRESSIVE;
				GCC_WARN_UNUSED_FUNCTION = YES;
				GCC_WARN_UNUSED_VARIABLE = YES;
				IPHONEOS_DEPLOYMENT_TARGET = 13.4;
				MTL_ENABLE_DEBUG_INFO = NO;
				MTL_FAST_MATH = YES;
				SDKROOT = iphoneos;
				SWIFT_COMPILATION_MODE = wholemodule;
				SWIFT_OPTIMIZATION_LEVEL = "-O";
				VALIDATE_PRODUCT = YES;
			};
			name = Release;
		};
		84AD543E251AC6E200A3CC75 /* Debug */ = {
			isa = XCBuildConfiguration;
			buildSettings = {
				ASSETCATALOG_COMPILER_APPICON_NAME = AppIcon;
				CODE_SIGN_STYLE = Automatic;
				INFOPLIST_FILE = APPiinessTask/Info.plist;
				LD_RUNPATH_SEARCH_PATHS = (
					"$(inherited)",
					"@executable_path/Frameworks",
				);
				PRODUCT_BUNDLE_IDENTIFIER = com.BlockerRnd.APPiinessTask;
				PRODUCT_NAME = "$(TARGET_NAME)";
				SWIFT_VERSION = 5.0;
				TARGETED_DEVICE_FAMILY = "1,2";
			};
			name = Debug;
		};
		84AD543F251AC6E200A3CC75 /* Release */ = {
			isa = XCBuildConfiguration;
			buildSettings = {
				ASSETCATALOG_COMPILER_APPICON_NAME = AppIcon;
				CODE_SIGN_STYLE = Automatic;
				INFOPLIST_FILE = APPiinessTask/Info.plist;
				LD_RUNPATH_SEARCH_PATHS = (
					"$(inherited)",
					"@executable_path/Frameworks",
				);
				PRODUCT_BUNDLE_IDENTIFIER = com.BlockerRnd.APPiinessTask;
				PRODUCT_NAME = "$(TARGET_NAME)";
				SWIFT_VERSION = 5.0;
				TARGETED_DEVICE_FAMILY = "1,2";
			};
			name = Release;
		};
		84AD5441251AC6E200A3CC75 /* Debug */ = {
			isa = XCBuildConfiguration;
			buildSettings = {
				ALWAYS_EMBED_SWIFT_STANDARD_LIBRARIES = YES;
				BUNDLE_LOADER = "$(TEST_HOST)";
				CODE_SIGN_STYLE = Automatic;
				INFOPLIST_FILE = APPiinessTaskTests/Info.plist;
				IPHONEOS_DEPLOYMENT_TARGET = 13.4;
				LD_RUNPATH_SEARCH_PATHS = (
					"$(inherited)",
					"@executable_path/Frameworks",
					"@loader_path/Frameworks",
				);
				PRODUCT_BUNDLE_IDENTIFIER = com.BlockerRnd.APPiinessTaskTests;
				PRODUCT_NAME = "$(TARGET_NAME)";
				SWIFT_VERSION = 5.0;
				TARGETED_DEVICE_FAMILY = "1,2";
				TEST_HOST = "$(BUILT_PRODUCTS_DIR)/APPiinessTask.app/APPiinessTask";
			};
			name = Debug;
		};
		84AD5442251AC6E200A3CC75 /* Release */ = {
			isa = XCBuildConfiguration;
			buildSettings = {
				ALWAYS_EMBED_SWIFT_STANDARD_LIBRARIES = YES;
				BUNDLE_LOADER = "$(TEST_HOST)";
				CODE_SIGN_STYLE = Automatic;
				INFOPLIST_FILE = APPiinessTaskTests/Info.plist;
				IPHONEOS_DEPLOYMENT_TARGET = 13.4;
				LD_RUNPATH_SEARCH_PATHS = (
					"$(inherited)",
					"@executable_path/Frameworks",
					"@loader_path/Frameworks",
				);
				PRODUCT_BUNDLE_IDENTIFIER = com.BlockerRnd.APPiinessTaskTests;
				PRODUCT_NAME = "$(TARGET_NAME)";
				SWIFT_VERSION = 5.0;
				TARGETED_DEVICE_FAMILY = "1,2";
				TEST_HOST = "$(BUILT_PRODUCTS_DIR)/APPiinessTask.app/APPiinessTask";
			};
			name = Release;
		};
/* End XCBuildConfiguration section */

/* Begin XCConfigurationList section */
		84AD5419251AC6DC00A3CC75 /* Build configuration list for PBXProject "APPiinessTask" */ = {
			isa = XCConfigurationList;
			buildConfigurations = (
				84AD543B251AC6E200A3CC75 /* Debug */,
				84AD543C251AC6E200A3CC75 /* Release */,
			);
			defaultConfigurationIsVisible = 0;
			defaultConfigurationName = Release;
		};
		84AD543D251AC6E200A3CC75 /* Build configuration list for PBXNativeTarget "APPiinessTask" */ = {
			isa = XCConfigurationList;
			buildConfigurations = (
				84AD543E251AC6E200A3CC75 /* Debug */,
				84AD543F251AC6E200A3CC75 /* Release */,
			);
			defaultConfigurationIsVisible = 0;
			defaultConfigurationName = Release;
		};
		84AD5440251AC6E200A3CC75 /* Build configuration list for PBXNativeTarget "APPiinessTaskTests" */ = {
			isa = XCConfigurationList;
			buildConfigurations = (
				84AD5441251AC6E200A3CC75 /* Debug */,
				84AD5442251AC6E200A3CC75 /* Release */,
			);
			defaultConfigurationIsVisible = 0;
			defaultConfigurationName = Release;
		};
/* End XCConfigurationList section */
	};
	rootObject = 84AD5416251AC6DC00A3CC75 /* Project object */;
}
